version = 1
revision = 3
requires-python = ">=3.8"
resolution-markers = [
    "python_full_version >= '3.9'",
    "python_full_version < '3.9'",
]

[[package]]
name = "altgraph"
version = "0.17"
source = { registry = "https://pypi.tuna.tsinghua.edu.cn/simple/" }
sdist = { url = "https://pypi.tuna.tsinghua.edu.cn/packages/22/5a/ac50b52581bbf0d8f6fd50ad77d20faac19a2263b43c60e7f3af8d1ec880/altgraph-0.17.tar.gz", hash = "sha256:1f05a47122542f97028caf78775a095fbe6a2699b5089de8477eb583167d69aa", size = 534109, upload-time = "2020-01-14T19:31:13.588Z" }
wheels = [
    { url = "https://pypi.tuna.tsinghua.edu.cn/packages/ee/3d/bfca21174b162f6ce674953f1b7a640c1498357fa6184776029557c25399/altgraph-0.17-py2.py3-none-any.whl", hash = "sha256:c623e5f3408ca61d4016f23a681b9adb100802ca3e3da5e718915a9e4052cebe", size = 21103, upload-time = "2020-01-14T19:31:11.628Z" },
]

[[package]]
name = "baidu-aip"
version = "2.2.18.0"
source = { registry = "https://pypi.tuna.tsinghua.edu.cn/simple/" }
dependencies = [
    { name = "requests" },
]
sdist = { url = "https://pypi.tuna.tsinghua.edu.cn/packages/bf/de/0e770c421bd70b0b59d59d1bcf70139cf0ad4263102a7fc2973c6187174a/baidu-aip-2.2.18.0.tar.gz", hash = "sha256:c7f03c671027dcae1ccaa60631ec5811c8e9e51e2ebb505a748a213d0f0b5b88" }

[[package]]
name = "certifi"
version = "2020.4.5.1"
source = { registry = "https://pypi.tuna.tsinghua.edu.cn/simple/" }
sdist = { url = "https://pypi.tuna.tsinghua.edu.cn/packages/b8/e2/a3a86a67c3fc8249ed305fc7b7d290ebe5e4d46ad45573884761ef4dea7b/certifi-2020.4.5.1.tar.gz", hash = "sha256:51fcb31174be6e6664c5f69e3e1691a2d72a1a12e90f872cbdb1567eb47b6519", size = 158038, upload-time = "2020-04-05T20:10:11.777Z" }
wheels = [
    { url = "https://pypi.tuna.tsinghua.edu.cn/packages/57/2b/26e37a4b034800c960a00c4e1b3d9ca5d7014e983e6e729e33ea2f36426c/certifi-2020.4.5.1-py2.py3-none-any.whl", hash = "sha256:1d987a998c75633c40847cc966fcf5904906c920a7f17ef374f5aa4282abd304", size = 157007, upload-time = "2020-04-05T20:10:09.805Z" },
]

[[package]]
name = "chardet"
version = "3.0.4"
source = { registry = "https://pypi.tuna.tsinghua.edu.cn/simple/" }
sdist = { url = "https://pypi.tuna.tsinghua.edu.cn/packages/fc/bb/a5768c230f9ddb03acc9ef3f0d4a3cf93462473795d18e9535498c8f929d/chardet-3.0.4.tar.gz", hash = "sha256:84ab92ed1c4d4f16916e05906b6b75a6c0fb5db821cc65e70cbd64a3e2a5eaae", size = 1868453, upload-time = "2017-06-08T14:34:35.581Z" }
wheels = [
    { url = "https://pypi.tuna.tsinghua.edu.cn/packages/bc/a9/01ffebfb562e4274b6487b4bb1ddec7ca55ec7510b22e4c51f14098443b8/chardet-3.0.4-py2.py3-none-any.whl", hash = "sha256:fc323ffcaeaed0e0a02bf4d117757b98aed530d9ed4531e3e15460124c106691", size = 133356, upload-time = "2017-06-08T14:34:33.552Z" },
]

[[package]]
name = "cloudscraper"
version = "1.2.40"
source = { registry = "https://pypi.tuna.tsinghua.edu.cn/simple/" }
dependencies = [
    { name = "pyparsing" },
    { name = "requests" },
    { name = "requests-toolbelt" },
]
sdist = { url = "https://pypi.tuna.tsinghua.edu.cn/packages/38/a1/7eb4ade7dff7fe0b58eb3122e87def857743c0a6f62436a1e8c36e3cf479/cloudscraper-1.2.40.tar.gz", hash = "sha256:e711f8a41393d9755178d6290fccbfc84f0b9db20bbdeababcf8cd9232f380cd", size = 105843, upload-time = "2020-05-27T02:45:27.067Z" }
wheels = [
    { url = "https://pypi.tuna.tsinghua.edu.cn/packages/8d/7b/11120ccfdd3f3eb919bed96d7f4a688f568a8d1c26834c24fd7b658d5da4/cloudscraper-1.2.40-py2.py3-none-any.whl", hash = "sha256:30289d0f98413fe3c3b74c9f7547b8e6fff6aca698c23445996cf6bf80a8bad0", size = 110554, upload-time = "2020-05-27T02:45:24.858Z" },
]

[[package]]
name = "diskcache"
version = "5.6.3"
source = { registry = "https://pypi.tuna.tsinghua.edu.cn/simple/" }
sdist = { url = "https://pypi.tuna.tsinghua.edu.cn/packages/3f/21/1c1ffc1a039ddcc459db43cc108658f32c57d271d7289a2794e401d0fdb6/diskcache-5.6.3.tar.gz", hash = "sha256:2c3a3fa2743d8535d832ec61c2054a1641f41775aa7c556758a109941e33e4fc" }
wheels = [
    { url = "https://pypi.tuna.tsinghua.edu.cn/packages/3f/27/4570e78fc0bf5ea0ca45eb1de3818a23787af9b390c0b0a0033a1b8236f9/diskcache-5.6.3-py3-none-any.whl", hash = "sha256:5e31b2d5fbad117cc363ebaf6b689474db18a1f6438bc82358b024abd4c2ca19" },
]

[[package]]
name = "future"
version = "0.18.2"
source = { registry = "https://pypi.tuna.tsinghua.edu.cn/simple/" }
sdist = { url = "https://pypi.tuna.tsinghua.edu.cn/packages/45/0b/38b06fd9b92dc2b68d58b75f900e97884c45bedd2ff83203d933cf5851c9/future-0.18.2.tar.gz", hash = "sha256:b1bead90b70cf6ec3f0710ae53a525360fa360d306a86583adc6bf83a4db537d", size = 829220, upload-time = "2019-10-31T00:58:13.043Z" }

[[package]]
name = "idna"
version = "2.9"
source = { registry = "https://pypi.tuna.tsinghua.edu.cn/simple/" }
sdist = { url = "https://pypi.tuna.tsinghua.edu.cn/packages/cb/19/57503b5de719ee45e83472f339f617b0c01ad75cba44aba1e4c97c2b0abd/idna-2.9.tar.gz", hash = "sha256:7588d1c14ae4c77d74036e8c22ff447b26d0fde8f007354fd48a7814db15b7cb", size = 175042, upload-time = "2020-02-17T07:07:34.8Z" }
wheels = [
    { url = "https://pypi.tuna.tsinghua.edu.cn/packages/89/e3/afebe61c546d18fb1709a61bee788254b40e736cff7271c7de5de2dc4128/idna-2.9-py2.py3-none-any.whl", hash = "sha256:a068a21ceac8a4d63dbfd964670474107f541babbd2250d61922f029858365fa", size = 58388, upload-time = "2020-02-17T07:07:32.76Z" },
]

[[package]]
name = "pefile"
version = "2019.4.18"
source = { registry = "https://pypi.tuna.tsinghua.edu.cn/simple/" }
dependencies = [
    { name = "future" },
]
sdist = { url = "https://pypi.tuna.tsinghua.edu.cn/packages/36/58/acf7f35859d541985f0a6ea3c34baaefbfaee23642cf11e85fe36453ae77/pefile-2019.4.18.tar.gz", hash = "sha256:a5d6e8305c6b210849b47a6174ddf9c452b2888340b8177874b862ba6c207645", size = 62374, upload-time = "2019-04-18T16:19:46.219Z" }

[[package]]
name = "pillow"
version = "7.1.2"
source = { registry = "https://pypi.tuna.tsinghua.edu.cn/simple/" }
sdist = { url = "https://pypi.tuna.tsinghua.edu.cn/packages/ce/ef/e793f6ffe245c960c42492d0bb50f8d14e2ba223f1922a5c3c81569cec44/Pillow-7.1.2.tar.gz", hash = "sha256:a0b49960110bc6ff5fead46013bcb8825d101026d466f3a4de3476defe0fb0dd", size = 38939582, upload-time = "2020-04-25T18:36:29.491Z" }
wheels = [
    { url = "https://pypi.tuna.tsinghua.edu.cn/packages/20/20/a0f9f20469aae7017a578fdc4c55ea18f7c8911d2d10668687f95748442b/Pillow-7.1.2-cp38-cp38-macosx_10_10_x86_64.whl", hash = "sha256:04766c4930c174b46fd72d450674612ab44cca977ebbcc2dde722c6933290107", size = 2226781, upload-time = "2020-04-25T18:35:44.523Z" },
    { url = "https://pypi.tuna.tsinghua.edu.cn/packages/ad/22/a4023a7ec9bee9d1192349377e752992e8ff33430a4b71eddcbdb2494e2f/Pillow-7.1.2-cp38-cp38-manylinux1_i686.whl", hash = "sha256:f455efb7a98557412dc6f8e463c1faf1f1911ec2432059fa3e582b6000fc90e2", size = 1993170, upload-time = "2020-04-25T18:35:48.279Z" },
    { url = "https://pypi.tuna.tsinghua.edu.cn/packages/06/24/a577011ad2c0dd9793de7fede96af9fb7e97de31f47aa209f5d8e8979124/Pillow-7.1.2-cp38-cp38-manylinux1_x86_64.whl", hash = "sha256:ee94fce8d003ac9fd206496f2707efe9eadcb278d94c271f129ab36aa7181344", size = 2116733, upload-time = "2020-04-25T18:35:51.802Z" },
    { url = "https://pypi.tuna.tsinghua.edu.cn/packages/24/11/8f92034039cbbc53101f8b3ef0653df7e5c4b3540ddb3d0edd8833f8a3a8/Pillow-7.1.2-cp38-cp38-win32.whl", hash = "sha256:4b02b9c27fad2054932e89f39703646d0c543f21d3cc5b8e05434215121c28cd", size = 1779054, upload-time = "2020-04-25T18:35:55.303Z" },
    { url = "https://pypi.tuna.tsinghua.edu.cn/packages/91/9e/1b45eed618c35010d8cc3ba57f12baf09af37054665b7cdf79aafa93ed75/Pillow-7.1.2-cp38-cp38-win_amd64.whl", hash = "sha256:3d25dd8d688f7318dca6d8cd4f962a360ee40346c15893ae3b95c061cdbc4079", size = 2040335, upload-time = "2020-04-25T18:35:58.864Z" },
]

[[package]]
name = "pyinstaller"
version = "3.6"
source = { registry = "https://pypi.tuna.tsinghua.edu.cn/simple/" }
dependencies = [
    { name = "altgraph" },
    { name = "pefile" },
    { name = "pywin32-ctypes" },
    { name = "setuptools", version = "75.3.4", source = { registry = "https://pypi.tuna.tsinghua.edu.cn/simple/" }, marker = "python_full_version < '3.9'" },
    { name = "setuptools", version = "82.0.0", source = { registry = "https://pypi.tuna.tsinghua.edu.cn/simple/" }, marker = "python_full_version >= '3.9'" },
]
sdist = { url = "https://pypi.tuna.tsinghua.edu.cn/packages/3c/c9/c3f9bc64eb11eee6a824686deba6129884c8cbdf70e750661773b9865ee0/PyInstaller-3.6.tar.gz", hash = "sha256:3730fa80d088f8bb7084d32480eb87cbb4ddb64123363763cf8f2a1378c1c4b7", size = 3539593, upload-time = "2020-01-09T18:11:05.461Z" }

[[package]]
name = "pyparsing"
version = "2.4.7"
source = { registry = "https://pypi.tuna.tsinghua.edu.cn/simple/" }
sdist = { url = "https://pypi.tuna.tsinghua.edu.cn/packages/c1/47/dfc9c342c9842bbe0036c7f763d2d6686bcf5eb1808ba3e170afdb282210/pyparsing-2.4.7.tar.gz", hash = "sha256:c203ec8783bf771a155b207279b9bccb8dea02d8f0c9e5f8ead507bc3246ecc1", size = 649718, upload-time = "2020-04-05T22:21:25.349Z" }
wheels = [
    { url = "https://pypi.tuna.tsinghua.edu.cn/packages/8a/bb/488841f56197b13700afd5658fc279a2025a39e22449b7cf29864669b15d/pyparsing-2.4.7-py2.py3-none-any.whl", hash = "sha256:ef9d7589ef3c200abe66653d3f1ab1033c3c419ae9b9bdb1240a85b024efc88b", size = 67842, upload-time = "2020-04-05T22:21:22.897Z" },
]

[[package]]
name = "pywin32-ctypes"
version = "0.2.0"
source = { registry = "https://pypi.tuna.tsinghua.edu.cn/simple/" }
sdist = { url = "https://pypi.tuna.tsinghua.edu.cn/packages/7a/7d/0dbc4c99379452a819b0fb075a0ffbb98611df6b6d59f54db67367af5bc0/pywin32-ctypes-0.2.0.tar.gz", hash = "sha256:24ffc3b341d457d48e8922352130cf2644024a4ff09762a2261fd34c36ee5942", size = 25595, upload-time = "2018-08-17T12:34:55.844Z" }
wheels = [
    { url = "https://pypi.tuna.tsinghua.edu.cn/packages/9e/4b/3ab2720f1fa4b4bc924ef1932b842edf10007e4547ea8157b0b9fc78599a/pywin32_ctypes-0.2.0-py2.py3-none-any.whl", hash = "sha256:9dc2d991b3479cc2df15930958b674a48a227d5361d413827a4cfd0b5876fc98", size = 28532, upload-time = "2018-08-17T12:34:54.464Z" },
]

[[package]]
name = "re-javsdt"
version = "0.1.0"
source = { virtual = "." }
dependencies = [
    { name = "altgraph" },
    { name = "baidu-aip" },
    { name = "certifi" },
    { name = "chardet" },
    { name = "cloudscraper" },
    { name = "diskcache" },
    { name = "future" },
    { name = "idna" },
    { name = "pefile" },
    { name = "pillow" },
    { name = "pyinstaller" },
    { name = "pyparsing" },
    { name = "pywin32-ctypes" },
    { name = "requests" },
    { name = "requests-toolbelt" },
    { name = "urllib3" },
]

[package.metadata]
requires-dist = [
    { name = "altgraph", specifier = "==0.17" },
    { name = "baidu-aip", specifier = "==2.2.18.0" },
    { name = "certifi", specifier = "==2020.4.5.1" },
    { name = "chardet", specifier = "==3.0.4" },
    { name = "cloudscraper", specifier = "==1.2.40" },
    { name = "diskcache", specifier = "==5.6.3" },
    { name = "future", specifier = "==0.18.2" },
    { name = "idna", specifier = "==2.9" },
    { name = "pefile", specifier = "==2019.4.18" },
    { name = "pillow", specifier = "==7.1.2" },
    { name = "pyinstaller", specifier = "==3.6" },
    { name = "pyparsing", specifier = "==2.4.7" },
    { name = "pywin32-ctypes", specifier = "==0.2.0" },
    { name = "requests", specifier = "==2.23.0" },
    { name = "requests-toolbelt", specifier = "==0.9.1" },
    { name = "urllib3", specifier = "==1.25.9" },
]

[[package]]
name = "requests"
version = "2.23.0"
source = { registry = "https://pypi.tuna.tsinghua.edu.cn/simple/" }
dependencies = [
    { name = "certifi" },
    { name = "chardet" },
    { name = "idna" },
    { name = "urllib3" },
]
sdist = { url = "https://pypi.tuna.tsinghua.edu.cn/packages/f5/4f/280162d4bd4d8aad241a21aecff7a6e46891b905a4341e7ab549ebaf7915/requests-2.23.0.tar.gz", hash = "sha256:b3f43d496c6daba4493e7c431722aeb7dbc6288f52a6e04e7b6023b0247817e6", size = 114327, upload-time = "2020-02-19T18:51:01.71Z" }
wheels = [
    { url = "https://pypi.tuna.tsinghua.edu.cn/packages/1a/70/1935c770cb3be6e3a8b78ced23d7e0f3b187f5cbfab4749523ed65d7c9b1/requests-2.23.0-py2.py3-none-any.whl", hash = "sha256:43999036bfa82904b6af1d99e4882b560e5e2c68e5c4b0aa03b655f3d7d73fee", size = 58406, upload-time = "2020-02-19T18:50:59.409Z" },
]

[[package]]
name = "requests-toolbelt"
version = "0.9.1"
source = { registry = "https://pypi.tuna.tsinghua.edu.cn/simple/" }
dependencies = [
    { name = "requests" },
]
sdist = { url = "https://pypi.tuna.tsinghua.edu.cn/packages/28/30/7bf7e5071081f761766d46820e52f4b16c8a08fef02d2eb4682ca7534310/requests-toolbelt-0.9.1.tar.gz", hash = "sha256:968089d4584ad4ad7c171454f0a5c6dac23971e9472521ea3b6d49d610aa6fc0", size = 207286, upload-time = "2019-01-30T01:29:54.471Z" }
wheels = [
    { url = "https://pypi.tuna.tsinghua.edu.cn/packages/60/ef/7681134338fc097acef8d9b2f8abe0458e4d87559c689a8c306d0957ece5/requests_toolbelt-0.9.1-py2.py3-none-any.whl", hash = "sha256:380606e1d10dc85c3bd47bf5a6095f815ec007be7a8b69c878507068df059e6f", size = 54314, upload-time = "2019-01-30T01:29:52.656Z" },
]

[[package]]
name = "setuptools"
version = "75.3.4"
source = { registry = "https://pypi.tuna.tsinghua.edu.cn/simple/" }
resolution-markers = [
    "python_full_version < '3.9'",
]
sdist = { url = "https://pypi.tuna.tsinghua.edu.cn/packages/0e/93/d2622cbf262418995140dfc1ddb890badd6322893fa122302577c82b9617/setuptools-75.3.4.tar.gz", hash = "sha256:b4ea3f76e1633c4d2d422a5d68ab35fd35402ad71e6acaa5d7e5956eb47e8887", size = 1354595, upload-time = "2026-02-08T14:12:34.287Z" }
wheels = [
    { url = "https://pypi.tuna.tsinghua.edu.cn/packages/cd/b1/961ba076c7d3732e3a97e6681c55ef647afb795fe8bfcd27becec8a762ce/setuptools-75.3.4-py3-none-any.whl", hash = "sha256:2dd50a7f42dddfa1d02a36f275dbe716f38ed250224f609d35fb60a09593d93e", size = 1251633, upload-time = "2026-02-08T14:12:32.364Z" },
]

[[package]]
name = "setuptools"
version = "82.0.0"
source = { registry = "https://pypi.tuna.tsinghua.edu.cn/simple/" }
resolution-markers = [
    "python_full_version >= '3.9'",
]
sdist = { url = "https://pypi.tuna.tsinghua.edu.cn/packages/82/f3/748f4d6f65d1756b9ae577f329c951cda23fb900e4de9f70900ced962085/setuptools-82.0.0.tar.gz", hash = "sha256:22e0a2d69474c6ae4feb01951cb69d515ed23728cf96d05513d36e42b62b37cb", size = 1144893, upload-time = "2026-02-08T15:08:40.206Z" }
wheels = [
    { url = "https://pypi.tuna.tsinghua.edu.cn/packages/e1/c6/76dc613121b793286a3f91621d7b75a2b493e0390ddca50f11993eadf192/setuptools-82.0.0-py3-none-any.whl", hash = "sha256:70b18734b607bd1da571d097d236cfcfacaf01de45717d59e6e04b96877532e0", size = 1003468, upload-time = "2026-02-08T15:08:38.723Z" },
]

[[package]]
name = "urllib3"
version = "1.25.9"
source = { registry = "https://pypi.tuna.tsinghua.edu.cn/simple/" }
sdist = { url = "https://pypi.tuna.tsinghua.edu.cn/packages/05/8c/40cd6949373e23081b3ea20d5594ae523e681b6f472e600fbc95ed046a36/urllib3-1.25.9.tar.gz", hash = "sha256:3018294ebefce6572a474f0604c2021e33b3fd8006ecd11d62107a5d2a963527", size = 254921, upload-time = "2020-04-16T15:44:08.049Z" }
wheels = [
    { url = "https://pypi.tuna.tsinghua.edu.cn/packages/e1/e5/df302e8017440f111c11cc41a6b432838672f5a70aa29227bf58149dc72f/urllib3-1.25.9-py2.py3-none-any.whl", hash = "sha256:88206b0eb87e6d677d424843ac5209e3fb9d0190d0ee169599165ec25e9d9115", size = 126746, upload-time = "2020-04-16T15:44:06.147Z" },
]
